
Microsoft Visual Studio Solution File, Format Version 12.00
# Visual Studio 15
VisualStudioVersion = 15.0.27703.2042
MinimumVisualStudioVersion = 10.0.40219.1
Project("{FAE04EC0-301F-11D3-BF4B-00C04F79EFBC}") = "RentYourCar_PWEB", "RentYourCar_PWEB\RentYourCar_PWEB.csproj", "{E9110163-8239-45FA-A4F4-CB406EE6DD3B}"
EndProject
Project("{FAE04EC0-301F-11D3-BF4B-00C04F79EFBC}") = "Matricula", "Matricula\Matricula.csproj", "{ED12F5F9-BE0E-4F64-9817-0382EA49EBBE}"
EndProject
Global
	GlobalSection(SolutionConfigurationPlatforms) = preSolution
		Debug|Any CPU = Debug|Any CPU
		Release|Any CPU = Release|Any CPU
	EndGlobalSection
	GlobalSection(ProjectConfigurationPlatforms) = postSolution
		{E9110163-8239-45FA-A4F4-CB406EE6DD3B}.Debug|Any CPU.ActiveCfg = Debug|Any CPU
		{E9110163-8239-45FA-A4F4-CB406EE6DD3B}.Debug|Any CPU.Build.0 = Debug|Any CPU
		{E9110163-8239-45FA-A4F4-CB406EE6DD3B}.Release|Any CPU.ActiveCfg = Release|Any CPU
		{E9110163-8239-45FA-A4F4-CB406EE6DD3B}.Release|Any CPU.Build.0 = Release|Any CPU
		{ED12F5F9-BE0E-4F64-9817-0382EA49EBBE}.Debug|Any CPU.ActiveCfg = Debug|Any CPU
		{ED12F5F9-BE0E-4F64-9817-0382EA49EBBE}.Debug|Any CPU.Build.0 = Debug|Any CPU
		{ED12F5F9-BE0E-4F64-9817-0382EA49EBBE}.Release|Any CPU.ActiveCfg = Release|Any CPU
		{ED12F5F9-BE0E-4F64-9817-0382EA49EBBE}.Release|Any CPU.Build.0 = Release|Any CPU
	EndGlobalSection
	GlobalSection(SolutionProperties) = preSolution
		HideSolutionNode = FALSE
	EndGlobalSection
	GlobalSection(ExtensibilityGlobals) = postSolution
		SolutionGuid = {B95AF64F-5AC6-4923-908C-F0BB0F1010C5}
	EndGlobalSection
EndGlobal
